
Microsoft Visual Studio Solution File, Format Version 12.00
# Visual Studio Version 16
VisualStudioVersion = 16.0.29728.190
MinimumVisualStudioVersion = 10.0.40219.1
Project("{FAE04EC0-301F-11D3-BF4B-00C04F79EFBC}") = "PracticalTest", "PracticalTest.csproj", "{0E3142E4-772A-4367-8686-6420BFD45F4D}"
EndProject
Global
	GlobalSection(SolutionConfigurationPlatforms) = preSolution
		Debug|Any CPU = Debug|Any CPU
		Release|Any CPU = Release|Any CPU
	EndGlobalSection
	GlobalSection(ProjectConfigurationPlatforms) = postSolution
		{0E3142E4-772A-4367-8686-6420BFD45F4D}.Debug|Any CPU.ActiveCfg = Debug|Any CPU
		{0E3142E4-772A-4367-8686-6420BFD45F4D}.Debug|Any CPU.Build.0 = Debug|Any CPU
		{0E3142E4-772A-4367-8686-6420BFD45F4D}.Release|Any CPU.ActiveCfg = Release|Any CPU
		{0E3142E4-772A-4367-8686-6420BFD45F4D}.Release|Any CPU.Build.0 = Release|Any CPU
	EndGlobalSection
	GlobalSection(SolutionProperties) = preSolution
		HideSolutionNode = FALSE
	EndGlobalSection
	GlobalSection(ExtensibilityGlobals) = postSolution
		SolutionGuid = {8DF9D411-B60A-456F-B37F-D51FC88734FA}
	EndGlobalSection
EndGlobal
